
Microsoft Visual Studio Solution File, Format Version 12.00
# Visual Studio Version 17
VisualStudioVersion = 17.5.33530.505
MinimumVisualStudioVersion = 10.0.40219.1
Project("{FAE04EC0-301F-11D3-BF4B-00C04F79EFBC}") = "Backend-CRUD", "Backend-CRUD\Backend-CRUD.csproj", "{578D7704-1877-47AB-AB2A-574358865300}"
EndProject
Global
	GlobalSection(SolutionConfigurationPlatforms) = preSolution
		Debug|Any CPU = Debug|Any CPU
		Release|Any CPU = Release|Any CPU
	EndGlobalSection
	GlobalSection(ProjectConfigurationPlatforms) = postSolution
		{578D7704-1877-47AB-AB2A-574358865300}.Debug|Any CPU.ActiveCfg = Debug|Any CPU
		{578D7704-1877-47AB-AB2A-574358865300}.Debug|Any CPU.Build.0 = Debug|Any CPU
		{578D7704-1877-47AB-AB2A-574358865300}.Release|Any CPU.ActiveCfg = Release|Any CPU
		{578D7704-1877-47AB-AB2A-574358865300}.Release|Any CPU.Build.0 = Release|Any CPU
	EndGlobalSection
	GlobalSection(SolutionProperties) = preSolution
		HideSolutionNode = FALSE
	EndGlobalSection
	GlobalSection(ExtensibilityGlobals) = postSolution
		SolutionGuid = {1575B2F5-EECE-4F83-8B9D-73EC8A771234}
	EndGlobalSection
EndGlobal
